
Microsoft Visual Studio Solution File, Format Version 12.00
# Visual Studio Version 16
VisualStudioVersion = 16.0.30002.166
MinimumVisualStudioVersion = 10.0.40219.1
Project("{8BC9CEB8-8B4A-11D0-8D11-00A0C91BC942}") = "SingularityTestApp", "Apps\SingularityTestApp\SingularityTestApp.vcxproj", "{0C255FC0-AF67-4646-949E-133C38D08A9E}"
	ProjectSection(ProjectDependencies) = postProject
		{4C1E472C-1423-4DA2-80D7-2C3F5A4E4675} = {4C1E472C-1423-4DA2-80D7-2C3F5A4E4675}
		{C7F4B77D-CC7D-4EEC-A221-F990DF790F69} = {C7F4B77D-CC7D-4EEC-A221-F990DF790F69}
		{2966338E-3D99-4871-98C2-B52A07874010} = {2966338E-3D99-4871-98C2-B52A07874010}
		{F8ED28A2-17EB-4FEF-8A06-1BFC20B956F9} = {F8ED28A2-17EB-4FEF-8A06-1BFC20B956F9}
		{886C3CB5-9909-4842-B76C-87DBB8D820FF} = {886C3CB5-9909-4842-B76C-87DBB8D820FF}
		{7150DCCE-5D59-484F-97D4-88F32116C349} = {7150DCCE-5D59-484F-97D4-88F32116C349}
	EndProjectSection
EndProject
Project("{8BC9CEB8-8B4A-11D0-8D11-00A0C91BC942}") = "Singularity.Core", "Engine\Singularity.Core\Singularity.Core.vcxproj", "{F8ED28A2-17EB-4FEF-8A06-1BFC20B956F9}"
EndProject
Project("{8BC9CEB8-8B4A-11D0-8D11-00A0C91BC942}") = "Singularity.Render", "Engine\Singularity.Render\Singularity.Render.vcxproj", "{2966338E-3D99-4871-98C2-B52A07874010}"
	ProjectSection(ProjectDependencies) = postProject
		{F8ED28A2-17EB-4FEF-8A06-1BFC20B956F9} = {F8ED28A2-17EB-4FEF-8A06-1BFC20B956F9}
	EndProjectSection
EndProject
Project("{2150E333-8FDC-42A3-9474-1A3956D46DE8}") = "Engine", "Engine", "{3493A3FA-EC50-45B0-8A32-9C5E2B042C03}"
EndProject
Project("{2150E333-8FDC-42A3-9474-1A3956D46DE8}") = "Apps", "Apps", "{0E461EAB-D9E1-423A-9CE2-F01CAE8A9A14}"
EndProject
Project("{8BC9CEB8-8B4A-11D0-8D11-00A0C91BC942}") = "Singularity.App", "Engine\Singularity.App\Singularity.App.vcxproj", "{7150DCCE-5D59-484F-97D4-88F32116C349}"
	ProjectSection(ProjectDependencies) = postProject
		{C7F4B77D-CC7D-4EEC-A221-F990DF790F69} = {C7F4B77D-CC7D-4EEC-A221-F990DF790F69}
		{2966338E-3D99-4871-98C2-B52A07874010} = {2966338E-3D99-4871-98C2-B52A07874010}
		{F8ED28A2-17EB-4FEF-8A06-1BFC20B956F9} = {F8ED28A2-17EB-4FEF-8A06-1BFC20B956F9}
	EndProjectSection
EndProject
Project("{8BC9CEB8-8B4A-11D0-8D11-00A0C91BC942}") = "Singularity.Window", "Engine\Singularity.Window\Singularity.Window.vcxproj", "{C7F4B77D-CC7D-4EEC-A221-F990DF790F69}"
	ProjectSection(ProjectDependencies) = postProject
		{F8ED28A2-17EB-4FEF-8A06-1BFC20B956F9} = {F8ED28A2-17EB-4FEF-8A06-1BFC20B956F9}
	EndProjectSection
EndProject
Project("{8BC9CEB8-8B4A-11D0-8D11-00A0C91BC942}") = "Singularity.Shaders", "Engine\Singularity.Shaders\Singularity.Shaders.vcxproj", "{886C3CB5-9909-4842-B76C-87DBB8D820FF}"
EndProject
Project("{8BC9CEB8-8B4A-11D0-8D11-00A0C91BC942}") = "Singularity.IO", "Engine\Singularity.IO\Singularity.IO.vcxproj", "{4C1E472C-1423-4DA2-80D7-2C3F5A4E4675}"
EndProject
Global
	GlobalSection(SolutionConfigurationPlatforms) = preSolution
		Debug|x64 = Debug|x64
		Debug|x86 = Debug|x86
		Release|x64 = Release|x64
		Release|x86 = Release|x86
	EndGlobalSection
	GlobalSection(ProjectConfigurationPlatforms) = postSolution
		{0C255FC0-AF67-4646-949E-133C38D08A9E}.Debug|x64.ActiveCfg = Debug|x64
		{0C255FC0-AF67-4646-949E-133C38D08A9E}.Debug|x64.Build.0 = Debug|x64
		{0C255FC0-AF67-4646-949E-133C38D08A9E}.Debug|x86.ActiveCfg = Debug|Win32
		{0C255FC0-AF67-4646-949E-133C38D08A9E}.Debug|x86.Build.0 = Debug|Win32
		{0C255FC0-AF67-4646-949E-133C38D08A9E}.Release|x64.ActiveCfg = Release|x64
		{0C255FC0-AF67-4646-949E-133C38D08A9E}.Release|x64.Build.0 = Release|x64
		{0C255FC0-AF67-4646-949E-133C38D08A9E}.Release|x86.ActiveCfg = Release|Win32
		{0C255FC0-AF67-4646-949E-133C38D08A9E}.Release|x86.Build.0 = Release|Win32
		{F8ED28A2-17EB-4FEF-8A06-1BFC20B956F9}.Debug|x64.ActiveCfg = Debug|x64
		{F8ED28A2-17EB-4FEF-8A06-1BFC20B956F9}.Debug|x64.Build.0 = Debug|x64
		{F8ED28A2-17EB-4FEF-8A06-1BFC20B956F9}.Debug|x86.ActiveCfg = Debug|Win32
		{F8ED28A2-17EB-4FEF-8A06-1BFC20B956F9}.Debug|x86.Build.0 = Debug|Win32
		{F8ED28A2-17EB-4FEF-8A06-1BFC20B956F9}.Release|x64.ActiveCfg = Release|x64
		{F8ED28A2-17EB-4FEF-8A06-1BFC20B956F9}.Release|x64.Build.0 = Release|x64
		{F8ED28A2-17EB-4FEF-8A06-1BFC20B956F9}.Release|x86.ActiveCfg = Release|Win32
		{F8ED28A2-17EB-4FEF-8A06-1BFC20B956F9}.Release|x86.Build.0 = Release|Win32
		{2966338E-3D99-4871-98C2-B52A07874010}.Debug|x64.ActiveCfg = Debug|x64
		{2966338E-3D99-4871-98C2-B52A07874010}.Debug|x64.Build.0 = Debug|x64
		{2966338E-3D99-4871-98C2-B52A07874010}.Debug|x86.ActiveCfg = Debug|Win32
		{2966338E-3D99-4871-98C2-B52A07874010}.Debug|x86.Build.0 = Debug|Win32
		{2966338E-3D99-4871-98C2-B52A07874010}.Release|x64.ActiveCfg = Release|x64
		{2966338E-3D99-4871-98C2-B52A07874010}.Release|x64.Build.0 = Release|x64
		{2966338E-3D99-4871-98C2-B52A07874010}.Release|x86.ActiveCfg = Release|Win32
		{2966338E-3D99-4871-98C2-B52A07874010}.Release|x86.Build.0 = Release|Win32
		{7150DCCE-5D59-484F-97D4-88F32116C349}.Debug|x64.ActiveCfg = Debug|x64
		{7150DCCE-5D59-484F-97D4-88F32116C349}.Debug|x64.Build.0 = Debug|x64
		{7150DCCE-5D59-484F-97D4-88F32116C349}.Debug|x86.ActiveCfg = Debug|Win32
		{7150DCCE-5D59-484F-97D4-88F32116C349}.Debug|x86.Build.0 = Debug|Win32
		{7150DCCE-5D59-484F-97D4-88F32116C349}.Release|x64.ActiveCfg = Release|x64
		{7150DCCE-5D59-484F-97D4-88F32116C349}.Release|x64.Build.0 = Release|x64
		{7150DCCE-5D59-484F-97D4-88F32116C349}.Release|x86.ActiveCfg = Release|Win32
		{7150DCCE-5D59-484F-97D4-88F32116C349}.Release|x86.Build.0 = Release|Win32
		{C7F4B77D-CC7D-4EEC-A221-F990DF790F69}.Debug|x64.ActiveCfg = Debug|x64
		{C7F4B77D-CC7D-4EEC-A221-F990DF790F69}.Debug|x64.Build.0 = Debug|x64
		{C7F4B77D-CC7D-4EEC-A221-F990DF790F69}.Debug|x86.ActiveCfg = Debug|Win32
		{C7F4B77D-CC7D-4EEC-A221-F990DF790F69}.Debug|x86.Build.0 = Debug|Win32
		{C7F4B77D-CC7D-4EEC-A221-F990DF790F69}.Release|x64.ActiveCfg = Release|x64
		{C7F4B77D-CC7D-4EEC-A221-F990DF790F69}.Release|x64.Build.0 = Release|x64
		{C7F4B77D-CC7D-4EEC-A221-F990DF790F69}.Release|x86.ActiveCfg = Release|Win32
		{C7F4B77D-CC7D-4EEC-A221-F990DF790F69}.Release|x86.Build.0 = Release|Win32
		{886C3CB5-9909-4842-B76C-87DBB8D820FF}.Debug|x64.ActiveCfg = Debug|x64
		{886C3CB5-9909-4842-B76C-87DBB8D820FF}.Debug|x64.Build.0 = Debug|x64
		{886C3CB5-9909-4842-B76C-87DBB8D820FF}.Debug|x86.ActiveCfg = Debug|Win32
		{886C3CB5-9909-4842-B76C-87DBB8D820FF}.Debug|x86.Build.0 = Debug|Win32
		{886C3CB5-9909-4842-B76C-87DBB8D820FF}.Release|x64.ActiveCfg = Release|x64
		{886C3CB5-9909-4842-B76C-87DBB8D820FF}.Release|x64.Build.0 = Release|x64
		{886C3CB5-9909-4842-B76C-87DBB8D820FF}.Release|x86.ActiveCfg = Release|Win32
		{886C3CB5-9909-4842-B76C-87DBB8D820FF}.Release|x86.Build.0 = Release|Win32
		{4C1E472C-1423-4DA2-80D7-2C3F5A4E4675}.Debug|x64.ActiveCfg = Debug|x64
		{4C1E472C-1423-4DA2-80D7-2C3F5A4E4675}.Debug|x64.Build.0 = Debug|x64
		{4C1E472C-1423-4DA2-80D7-2C3F5A4E4675}.Debug|x86.ActiveCfg = Debug|Win32
		{4C1E472C-1423-4DA2-80D7-2C3F5A4E4675}.Debug|x86.Build.0 = Debug|Win32
		{4C1E472C-1423-4DA2-80D7-2C3F5A4E4675}.Release|x64.ActiveCfg = Release|x64
		{4C1E472C-1423-4DA2-80D7-2C3F5A4E4675}.Release|x64.Build.0 = Release|x64
		{4C1E472C-1423-4DA2-80D7-2C3F5A4E4675}.Release|x86.ActiveCfg = Release|Win32
		{4C1E472C-1423-4DA2-80D7-2C3F5A4E4675}.Release|x86.Build.0 = Release|Win32
	EndGlobalSection
	GlobalSection(SolutionProperties) = preSolution
		HideSolutionNode = FALSE
	EndGlobalSection
	GlobalSection(NestedProjects) = preSolution
		{0C255FC0-AF67-4646-949E-133C38D08A9E} = {0E461EAB-D9E1-423A-9CE2-F01CAE8A9A14}
		{F8ED28A2-17EB-4FEF-8A06-1BFC20B956F9} = {3493A3FA-EC50-45B0-8A32-9C5E2B042C03}
		{2966338E-3D99-4871-98C2-B52A07874010} = {3493A3FA-EC50-45B0-8A32-9C5E2B042C03}
		{7150DCCE-5D59-484F-97D4-88F32116C349} = {3493A3FA-EC50-45B0-8A32-9C5E2B042C03}
		{C7F4B77D-CC7D-4EEC-A221-F990DF790F69} = {3493A3FA-EC50-45B0-8A32-9C5E2B042C03}
		{886C3CB5-9909-4842-B76C-87DBB8D820FF} = {3493A3FA-EC50-45B0-8A32-9C5E2B042C03}
		{4C1E472C-1423-4DA2-80D7-2C3F5A4E4675} = {3493A3FA-EC50-45B0-8A32-9C5E2B042C03}
	EndGlobalSection
	GlobalSection(ExtensibilityGlobals) = postSolution
		SolutionGuid = {C1A15ACF-DA75-4A99-A458-79E69E017120}
	EndGlobalSection
EndGlobal
